
Microsoft Visual Studio Solution File, Format Version 12.00
# Visual Studio Version 16
VisualStudioVersion = 16.0.31019.35
MinimumVisualStudioVersion = 10.0.40219.1
Project("{FAE04EC0-301F-11D3-BF4B-00C04F79EFBC}") = "WPFMainMenu", "WPFMainMenu\WPFMainMenu.csproj", "{02AF2DC7-D628-41F9-87F8-5030EF795FA8}"
EndProject
Global
	GlobalSection(SolutionConfigurationPlatforms) = preSolution
		Debug|Any CPU = Debug|Any CPU
		Release|Any CPU = Release|Any CPU
	EndGlobalSection
	GlobalSection(ProjectConfigurationPlatforms) = postSolution
		{02AF2DC7-D628-41F9-87F8-5030EF795FA8}.Debug|Any CPU.ActiveCfg = Release|Any CPU
		{02AF2DC7-D628-41F9-87F8-5030EF795FA8}.Debug|Any CPU.Build.0 = Release|Any CPU
		{02AF2DC7-D628-41F9-87F8-5030EF795FA8}.Release|Any CPU.ActiveCfg = Release|Any CPU
		{02AF2DC7-D628-41F9-87F8-5030EF795FA8}.Release|Any CPU.Build.0 = Release|Any CPU
	EndGlobalSection
	GlobalSection(SolutionProperties) = preSolution
		HideSolutionNode = FALSE
	EndGlobalSection
	GlobalSection(ExtensibilityGlobals) = postSolution
		SolutionGuid = {D4ACC284-9A3F-4090-A318-7A8C224AA275}
	EndGlobalSection
EndGlobal
