
Microsoft Visual Studio Solution File, Format Version 12.00
# Visual Studio Version 16
VisualStudioVersion = 16.0.31019.35
MinimumVisualStudioVersion = 10.0.40219.1
Project("{FAE04EC0-301F-11D3-BF4B-00C04F79EFBC}") = "WPF_proj", "WPF_proj.csproj", "{FE56CF5D-21B7-450D-BAEC-BEF95A32D8EB}"
EndProject
Global
	GlobalSection(SolutionConfigurationPlatforms) = preSolution
		Debug|Any CPU = Debug|Any CPU
		Release|Any CPU = Release|Any CPU
	EndGlobalSection
	GlobalSection(ProjectConfigurationPlatforms) = postSolution
		{FE56CF5D-21B7-450D-BAEC-BEF95A32D8EB}.Debug|Any CPU.ActiveCfg = Debug|Any CPU
		{FE56CF5D-21B7-450D-BAEC-BEF95A32D8EB}.Debug|Any CPU.Build.0 = Debug|Any CPU
		{FE56CF5D-21B7-450D-BAEC-BEF95A32D8EB}.Release|Any CPU.ActiveCfg = Release|Any CPU
		{FE56CF5D-21B7-450D-BAEC-BEF95A32D8EB}.Release|Any CPU.Build.0 = Release|Any CPU
	EndGlobalSection
	GlobalSection(SolutionProperties) = preSolution
		HideSolutionNode = FALSE
	EndGlobalSection
	GlobalSection(ExtensibilityGlobals) = postSolution
		SolutionGuid = {D5D5B853-34C1-4503-8954-8898C808BEAB}
	EndGlobalSection
EndGlobal
