
Microsoft Visual Studio Solution File, Format Version 12.00
# Visual Studio Version 16
VisualStudioVersion = 16.0.31025.194
MinimumVisualStudioVersion = 10.0.40219.1
Project("{FAE04EC0-301F-11D3-BF4B-00C04F79EFBC}") = "Foodreport", "Foodreport\Foodreport.csproj", "{00EDAE3C-3DDA-4A36-88EC-C670DB71FBB5}"
EndProject
Global
	GlobalSection(SolutionConfigurationPlatforms) = preSolution
		Debug|Any CPU = Debug|Any CPU
		Release|Any CPU = Release|Any CPU
	EndGlobalSection
	GlobalSection(ProjectConfigurationPlatforms) = postSolution
		{00EDAE3C-3DDA-4A36-88EC-C670DB71FBB5}.Debug|Any CPU.ActiveCfg = Debug|Any CPU
		{00EDAE3C-3DDA-4A36-88EC-C670DB71FBB5}.Debug|Any CPU.Build.0 = Debug|Any CPU
		{00EDAE3C-3DDA-4A36-88EC-C670DB71FBB5}.Release|Any CPU.ActiveCfg = Release|Any CPU
		{00EDAE3C-3DDA-4A36-88EC-C670DB71FBB5}.Release|Any CPU.Build.0 = Release|Any CPU
	EndGlobalSection
	GlobalSection(SolutionProperties) = preSolution
		HideSolutionNode = FALSE
	EndGlobalSection
	GlobalSection(ExtensibilityGlobals) = postSolution
		SolutionGuid = {C2B0F93A-A1C5-463E-A4F9-0C32937D3F97}
	EndGlobalSection
EndGlobal
